github.com/Masterminds/semver/v3 v3.1.1 h1:hLg3sBzpNErnxhQtUy/mmLR2I9foDujNK030IGemrRc=
github.com/Masterminds/semver/v3 v3.1.1/go.mod h1:VPu/7SZ7ePZ3QOrcuXROw5FAcLl4a0cBrbBpGY/8hQs=
github.com/aws/aws-cdk-go/awscdk/v2 v2.0.0 h1:nm0nKd9m4yPSWtvwluEl6nyHXUXmmxUQghLaqYj5jj4=
github.com/aws/aws-cdk-go/awscdk/v2 v2.0.0/go.mod h1:2PrsMzp7CioaiAHHEr8zCVkbMIKp+sZs/S15kTkLUH0=
github.com/aws/aws-sdk-go-v2 v1.25.3 h1:xYiLpZTQs1mzvz5PaI6uR0Wh57ippuEthxS4iK5v0n0=
github.com/aws/aws-sdk-go-v2 v1.25.3/go.mod h1:35hUlJVYd+M++iLI3ALmVwMOyRYMmRqUXpTtRGW+K9I=
github.com/aws/constructs-go/constructs/v10 v10.0.9 h1:YGk+deTAD3rgyANybjOtaoVrjC7HZZtALeC872avWFQ=
github.com/aws/constructs-go/constructs/v10 v10.0.9/go.mod h1:RC6w8bOwxLmPX7Jfo9dkEZ9iVfgH4QnaVnfWvaNOHy0=
github.com/aws/jsii-runtime-go v1.37.0/go.mod h1:6tZnlstx8bAB3vnLFF9n8bbkI//LDblAek9zFyMXV3E=
github.com/aws/jsii-runtime-go v1.46.0 h1:FBhMNkkcKlP5U/3+K6Yt0jNs8l0vJqD/atgihafpKmQ=
github.com/aws/jsii-runtime-go v1.46.0/go.mod h1:6tZnlstx8bAB3vnLFF9n8bbkI//LDblAek9zFyMXV3E=
github.com/aws/smithy-go v1.20.1 h1:4SZlSlMr36UEqC7XOyRVb27XMeZubNcBNN+9IgEPIQw=
github.com/aws/smithy-go v1.20.1/go.mod h1:krry+ya/rV9RDcV/Q16kpu6ypI4K2czasz0NC3qS14E=
github.com/davecgh/go-spew v1.1.0/go.mod h1:J7Y8YcW2NihsgmVo/mv3lAwl/skON4iLHjSsI+c5H38=
github.com/jmespath/go-jmespath v0.4.0/go.mod h1:T8mJZnbsbmF+m6zOOFylbeCJqk5+pHWvzYPziyZiYoo=
github.com/jmespath/go-jmespath/internal/testify v1.5.1/go.mod h1:L3OGu8Wl2/fWfCI6z80xFu9LTZmf1ZRjMHUOPmWr69U=
github.com/pmezard/go-difflib v1.0.0/go.mod h1:iKH77koFhYxTK1pcRnkKkqfTogsbg7gZNVY4sRDYZ/4=
github.com/stretchr/objx v0.1.0/go.mod h1:HFkY916IF+rwdDfMAkV7OtwuqBVzrE8GR6GFx+wExME=
github.com/stretchr/testify v1.7.0/go.mod h1:6Fq8oRcR53rry900zMqJjRRixrwX3KX962/h/Wwjteg=
gopkg.in/check.v1 v0.0.0-20161208181325-20d25e280405/go.mod h1:Co6ibVJAznAaIkqp8huTwlJQCZ016jof/cbN4VW5Yz0=
gopkg.in/yaml.v2 v2.2.8/go.mod h1:hI93XBmqTisBFMUTm0b8Fm+jr3Dg1NNxqwp+5A1VGuI=
gopkg.in/yaml.v3 v3.0.0-20200313102051-9f266ea9e77c/go.mod h1:K4uyk7z7BCEPqu6E+C64Yfv1cQ7kz7rIZviUmN+EgEM=
